
Microsoft Visual Studio Solution File, Format Version 12.00
# Visual Studio 14
VisualStudioVersion = 14.0.25123.0
MinimumVisualStudioVersion = 10.0.40219.1
Project("{FAE04EC0-301F-11D3-BF4B-00C04F79EFBC}") = "StudentSystem.Models", "StudentSystem.Models\StudentSystem.Models.csproj", "{4E6B6C39-B10B-490B-B4EF-17C46CC6985F}"
EndProject
Project("{FAE04EC0-301F-11D3-BF4B-00C04F79EFBC}") = "StudentSystem.Data", "StudentSystem.Data\StudentSystem.Data.csproj", "{4E3478C5-082B-4C7C-B43E-045C920181E9}"
EndProject
Project("{FAE04EC0-301F-11D3-BF4B-00C04F79EFBC}") = "StudentSystemConsoleClient", "StudentSystemConsoleClient\StudentSystemConsoleClient.csproj", "{640AE809-8636-4A5F-8502-6AFBA5F6790D}"
EndProject
Global
	GlobalSection(SolutionConfigurationPlatforms) = preSolution
		Debug|Any CPU = Debug|Any CPU
		Release|Any CPU = Release|Any CPU
	EndGlobalSection
	GlobalSection(ProjectConfigurationPlatforms) = postSolution
		{4E6B6C39-B10B-490B-B4EF-17C46CC6985F}.Debug|Any CPU.ActiveCfg = Debug|Any CPU
		{4E6B6C39-B10B-490B-B4EF-17C46CC6985F}.Debug|Any CPU.Build.0 = Debug|Any CPU
		{4E6B6C39-B10B-490B-B4EF-17C46CC6985F}.Release|Any CPU.ActiveCfg = Release|Any CPU
		{4E6B6C39-B10B-490B-B4EF-17C46CC6985F}.Release|Any CPU.Build.0 = Release|Any CPU
		{4E3478C5-082B-4C7C-B43E-045C920181E9}.Debug|Any CPU.ActiveCfg = Debug|Any CPU
		{4E3478C5-082B-4C7C-B43E-045C920181E9}.Debug|Any CPU.Build.0 = Debug|Any CPU
		{4E3478C5-082B-4C7C-B43E-045C920181E9}.Release|Any CPU.ActiveCfg = Release|Any CPU
		{4E3478C5-082B-4C7C-B43E-045C920181E9}.Release|Any CPU.Build.0 = Release|Any CPU
		{640AE809-8636-4A5F-8502-6AFBA5F6790D}.Debug|Any CPU.ActiveCfg = Debug|Any CPU
		{640AE809-8636-4A5F-8502-6AFBA5F6790D}.Debug|Any CPU.Build.0 = Debug|Any CPU
		{640AE809-8636-4A5F-8502-6AFBA5F6790D}.Release|Any CPU.ActiveCfg = Release|Any CPU
		{640AE809-8636-4A5F-8502-6AFBA5F6790D}.Release|Any CPU.Build.0 = Release|Any CPU
	EndGlobalSection
	GlobalSection(SolutionProperties) = preSolution
		HideSolutionNode = FALSE
	EndGlobalSection
EndGlobal
